
Microsoft Visual Studio Solution File, Format Version 12.00
# Visual Studio Version 16
VisualStudioVersion = 16.0.30804.86
MinimumVisualStudioVersion = 10.0.40219.1
Project("{FAE04EC0-301F-11D3-BF4B-00C04F79EFBC}") = "gltfMaker", "gltfMaker.csproj", "{A0441719-2E99-4E43-B4B6-0F45549DF850}"
EndProject
Global
	GlobalSection(SolutionConfigurationPlatforms) = preSolution
		Debug|Any CPU = Debug|Any CPU
		Release|Any CPU = Release|Any CPU
	EndGlobalSection
	GlobalSection(ProjectConfigurationPlatforms) = postSolution
		{A0441719-2E99-4E43-B4B6-0F45549DF850}.Debug|Any CPU.ActiveCfg = Debug|Any CPU
		{A0441719-2E99-4E43-B4B6-0F45549DF850}.Debug|Any CPU.Build.0 = Debug|Any CPU
		{A0441719-2E99-4E43-B4B6-0F45549DF850}.Release|Any CPU.ActiveCfg = Release|Any CPU
		{A0441719-2E99-4E43-B4B6-0F45549DF850}.Release|Any CPU.Build.0 = Release|Any CPU
	EndGlobalSection
	GlobalSection(SolutionProperties) = preSolution
		HideSolutionNode = FALSE
	EndGlobalSection
	GlobalSection(ExtensibilityGlobals) = postSolution
		SolutionGuid = {4F39A02B-37BA-44EA-87AE-A7AE7205D5DD}
	EndGlobalSection
EndGlobal
